
Microsoft Visual Studio Solution File, Format Version 12.00
# Visual Studio Version 17
VisualStudioVersion = 17.7.34031.279
MinimumVisualStudioVersion = 10.0.40219.1
Project("{FAE04EC0-301F-11D3-BF4B-00C04F79EFBC}") = "OnlineInventoryManagementSystem", "ConsoleApp5\OnlineInventoryManagementSystem.csproj", "{2321F884-F6BD-4253-ABE2-790A6EB79211}"
EndProject
Global
	GlobalSection(SolutionConfigurationPlatforms) = preSolution
		Debug|Any CPU = Debug|Any CPU
		Release|Any CPU = Release|Any CPU
	EndGlobalSection
	GlobalSection(ProjectConfigurationPlatforms) = postSolution
		{2321F884-F6BD-4253-ABE2-790A6EB79211}.Debug|Any CPU.ActiveCfg = Debug|Any CPU
		{2321F884-F6BD-4253-ABE2-790A6EB79211}.Debug|Any CPU.Build.0 = Debug|Any CPU
		{2321F884-F6BD-4253-ABE2-790A6EB79211}.Release|Any CPU.ActiveCfg = Release|Any CPU
		{2321F884-F6BD-4253-ABE2-790A6EB79211}.Release|Any CPU.Build.0 = Release|Any CPU
	EndGlobalSection
	GlobalSection(SolutionProperties) = preSolution
		HideSolutionNode = FALSE
	EndGlobalSection
	GlobalSection(ExtensibilityGlobals) = postSolution
		SolutionGuid = {C14BE450-A5B0-4273-8D1C-04E65EE64645}
	EndGlobalSection
EndGlobal
